
Microsoft Visual Studio Solution File, Format Version 12.00
# Visual Studio Version 16
VisualStudioVersion = 16.0.31624.102
MinimumVisualStudioVersion = 10.0.40219.1
Project("{9A19103F-16F7-4668-BE54-9A1E7A4F7556}") = "Fuvar", "Fuvar\Fuvar.csproj", "{66D2D511-B007-48E0-AD29-32D75361C6A5}"
EndProject
Project("{FAE04EC0-301F-11D3-BF4B-00C04F79EFBC}") = "ddwd", "..\..\ddwd\ddwd\ddwd.csproj", "{D1D3D8B1-E208-4659-BFB8-4E40CC854206}"
EndProject
Global
	GlobalSection(SolutionConfigurationPlatforms) = preSolution
		Debug|Any CPU = Debug|Any CPU
		Release|Any CPU = Release|Any CPU
	EndGlobalSection
	GlobalSection(ProjectConfigurationPlatforms) = postSolution
		{66D2D511-B007-48E0-AD29-32D75361C6A5}.Debug|Any CPU.ActiveCfg = Debug|Any CPU
		{66D2D511-B007-48E0-AD29-32D75361C6A5}.Debug|Any CPU.Build.0 = Debug|Any CPU
		{66D2D511-B007-48E0-AD29-32D75361C6A5}.Release|Any CPU.ActiveCfg = Release|Any CPU
		{66D2D511-B007-48E0-AD29-32D75361C6A5}.Release|Any CPU.Build.0 = Release|Any CPU
		{D1D3D8B1-E208-4659-BFB8-4E40CC854206}.Debug|Any CPU.ActiveCfg = Debug|Any CPU
		{D1D3D8B1-E208-4659-BFB8-4E40CC854206}.Debug|Any CPU.Build.0 = Debug|Any CPU
		{D1D3D8B1-E208-4659-BFB8-4E40CC854206}.Release|Any CPU.ActiveCfg = Release|Any CPU
		{D1D3D8B1-E208-4659-BFB8-4E40CC854206}.Release|Any CPU.Build.0 = Release|Any CPU
	EndGlobalSection
	GlobalSection(SolutionProperties) = preSolution
		HideSolutionNode = FALSE
	EndGlobalSection
	GlobalSection(ExtensibilityGlobals) = postSolution
		SolutionGuid = {7C64D942-5DCB-47A1-80AB-9FD5E203966D}
	EndGlobalSection
EndGlobal
